
Microsoft Visual Studio Solution File, Format Version 12.00
# Visual Studio Version 17
VisualStudioVersion = 17.5.33516.290
MinimumVisualStudioVersion = 10.0.40219.1
Project("{9A19103F-16F7-4668-BE54-9A1E7A4F7556}") = "WoodenAutomative", "WoodenAutomative.csproj", "{5DA9C408-DD06-4D84-A630-41111771B9C0}"
EndProject
Project("{9A19103F-16F7-4668-BE54-9A1E7A4F7556}") = "WoodenAutomative.Domain", "..\WoodenAutomative.Domain\WoodenAutomative.Domain.csproj", "{602EB6C4-96AC-4C3E-B3F1-09B530ECF5FB}"
EndProject
Project("{9A19103F-16F7-4668-BE54-9A1E7A4F7556}") = "WoodenAutomative.EntityFramework", "..\WoodenAutomative.EntityFramework\WoodenAutomative.EntityFramework.csproj", "{8FE9B2B0-DA72-4392-AC6C-8551A19C2B72}"
EndProject
Project("{FAE04EC0-301F-11D3-BF4B-00C04F79EFBC}") = "WoodenAutomative.DB", "..\WoodenAutomative.DB\WoodenAutomative.DB.csproj", "{67CBA2E6-C4B5-4791-9F4B-FE8ED0F343FA}"
EndProject
Global
	GlobalSection(SolutionConfigurationPlatforms) = preSolution
		Debug|Any CPU = Debug|Any CPU
		Release|Any CPU = Release|Any CPU
	EndGlobalSection
	GlobalSection(ProjectConfigurationPlatforms) = postSolution
		{5DA9C408-DD06-4D84-A630-41111771B9C0}.Debug|Any CPU.ActiveCfg = Debug|Any CPU
		{5DA9C408-DD06-4D84-A630-41111771B9C0}.Debug|Any CPU.Build.0 = Debug|Any CPU
		{5DA9C408-DD06-4D84-A630-41111771B9C0}.Release|Any CPU.ActiveCfg = Release|Any CPU
		{5DA9C408-DD06-4D84-A630-41111771B9C0}.Release|Any CPU.Build.0 = Release|Any CPU
		{602EB6C4-96AC-4C3E-B3F1-09B530ECF5FB}.Debug|Any CPU.ActiveCfg = Debug|Any CPU
		{602EB6C4-96AC-4C3E-B3F1-09B530ECF5FB}.Debug|Any CPU.Build.0 = Debug|Any CPU
		{602EB6C4-96AC-4C3E-B3F1-09B530ECF5FB}.Release|Any CPU.ActiveCfg = Release|Any CPU
		{602EB6C4-96AC-4C3E-B3F1-09B530ECF5FB}.Release|Any CPU.Build.0 = Release|Any CPU
		{8FE9B2B0-DA72-4392-AC6C-8551A19C2B72}.Debug|Any CPU.ActiveCfg = Debug|Any CPU
		{8FE9B2B0-DA72-4392-AC6C-8551A19C2B72}.Debug|Any CPU.Build.0 = Debug|Any CPU
		{8FE9B2B0-DA72-4392-AC6C-8551A19C2B72}.Release|Any CPU.ActiveCfg = Release|Any CPU
		{8FE9B2B0-DA72-4392-AC6C-8551A19C2B72}.Release|Any CPU.Build.0 = Release|Any CPU
		{67CBA2E6-C4B5-4791-9F4B-FE8ED0F343FA}.Debug|Any CPU.ActiveCfg = Debug|Any CPU
		{67CBA2E6-C4B5-4791-9F4B-FE8ED0F343FA}.Debug|Any CPU.Build.0 = Debug|Any CPU
		{67CBA2E6-C4B5-4791-9F4B-FE8ED0F343FA}.Release|Any CPU.ActiveCfg = Release|Any CPU
		{67CBA2E6-C4B5-4791-9F4B-FE8ED0F343FA}.Release|Any CPU.Build.0 = Release|Any CPU
	EndGlobalSection
	GlobalSection(SolutionProperties) = preSolution
		HideSolutionNode = FALSE
	EndGlobalSection
	GlobalSection(ExtensibilityGlobals) = postSolution
		SolutionGuid = {D2BDF429-AD3D-4456-B445-4013B65813BD}
	EndGlobalSection
EndGlobal
