
Microsoft Visual Studio Solution File, Format Version 12.00
# Visual Studio Version 17
VisualStudioVersion = 17.5.33516.290
MinimumVisualStudioVersion = 10.0.40219.1
Project("{FAE04EC0-301F-11D3-BF4B-00C04F79EFBC}") = "WoodenAutomative", "WoodenAutomative.csproj", "{88BA8171-0480-496D-AA6D-ABA4FC480545}"
EndProject
Global
	GlobalSection(SolutionConfigurationPlatforms) = preSolution
		Debug|Any CPU = Debug|Any CPU
		Release|Any CPU = Release|Any CPU
	EndGlobalSection
	GlobalSection(ProjectConfigurationPlatforms) = postSolution
		{88BA8171-0480-496D-AA6D-ABA4FC480545}.Debug|Any CPU.ActiveCfg = Debug|Any CPU
		{88BA8171-0480-496D-AA6D-ABA4FC480545}.Debug|Any CPU.Build.0 = Debug|Any CPU
		{88BA8171-0480-496D-AA6D-ABA4FC480545}.Release|Any CPU.ActiveCfg = Release|Any CPU
		{88BA8171-0480-496D-AA6D-ABA4FC480545}.Release|Any CPU.Build.0 = Release|Any CPU
	EndGlobalSection
	GlobalSection(SolutionProperties) = preSolution
		HideSolutionNode = FALSE
	EndGlobalSection
	GlobalSection(ExtensibilityGlobals) = postSolution
		SolutionGuid = {19F0CD67-D30A-4131-A601-8F2BD7355F18}
	EndGlobalSection
EndGlobal
